schema: '2.0'
stages:
  preprocess:
    cmd: python -m src.data.preprocess
    deps:
    - path: data/raw/events.csv
      hash: md5
      md5: fddaf7c1c6a9df23a726500a08ffdd7e
      size: 94237913
    - path: src/data/preprocess.py
      hash: md5
      md5: 6ccc7a9b76058ff5f68dc5b2183390dd
      size: 1477
    - path: src/data/preprocessor.py
      hash: md5
      md5: cd4198ec66f6fa18279feb2798816213
      size: 2872
    params:
      params.yaml:
        preprocess:
          min_interactions: 5
          test_size: 0.2
          val_size: 0.1
          random_state: 42
    outs:
    - path: data/interim/
      hash: md5
      md5: f895c79ec14e864d81fac59e4e2115d0.dir
      size: 16459625
      nfiles: 1
  feature_eng:
    cmd: python -m src.features.build_features
    deps:
    - path: data/content/
      hash: md5
      md5: 4f65a4af48aeb208b03481b3c60a766b.dir
      size: 2862920
      nfiles: 1
    - path: data/interim/
      hash: md5
      md5: f895c79ec14e864d81fac59e4e2115d0.dir
      size: 16459625
      nfiles: 1
    - path: src/data/feature_contract.py
      hash: md5
      md5: 54b6051091fec613c39a2f33c8d51cc6
      size: 1717
    - path: src/data/feature_engineering.py
      hash: md5
      md5: 5239f76e8cd725696a2aa7608c362c8a
      size: 5443
    - path: src/features/build_features.py
      hash: md5
      md5: 3446169280d773f0e17d639b18e7467d
      size: 4534
    params:
      params.yaml:
        feature_eng:
          random_state: 42
        preprocess:
          min_interactions: 5
          test_size: 0.2
          val_size: 0.1
          random_state: 42
    outs:
    - path: data/processed/
      hash: md5
      md5: b858123d52e96e7b9de8a5f4599a816a.dir
      size: 34702801
      nfiles: 3
  train:
    cmd: python -m src.training.trainer
    deps:
    - path: data/processed/
      hash: md5
      md5: b858123d52e96e7b9de8a5f4599a816a.dir
      size: 34702801
      nfiles: 3
    - path: src/data/dataset.py
      hash: md5
      md5: e2e1777c8debc11edf0489984a72d382
      size: 3228
    - path: src/data/feature_contract.py
      hash: md5
      md5: 54b6051091fec613c39a2f33c8d51cc6
      size: 1717
    - path: src/data/labeling.py
      hash: md5
      md5: d19536208f9a7c9d0e2fce8f8ea4d031
      size: 12013
    - path: src/evaluation/ranking.py
      hash: md5
      md5: 726b2cb2e5aee0360ff79cbaf94e9479
      size: 7700
    - path: src/evaluation/scorers.py
      hash: md5
      md5: 3ed849969d4d8eed98a90ef85f97034c
      size: 7360
    - path: src/models/
      hash: md5
      md5: c215cd28161b453daa56d660ede64c03.dir
      size: 56905
      nfiles: 11
    - path: src/training/trainer.py
      hash: md5
      md5: 931f298f6008da8c4a903b8afb14e42e
      size: 10139
    params:
      params.yaml:
        eval:
          k_values:
          - 10
          - 20
          num_candidate_negatives: 100
          max_broad_positives: 20
          seed: 42
        labeling:
          num_negatives: 8
          popularity_alpha: 0.0
          seed: 42
          view_sample_ratio: 8
        train:
          model_type: ncf
          epochs: 40
          batch_size: 1024
          learning_rate: 0.001
          weight_decay: 0.0001
          embedding_dim: 64
          cat_embedding_dim: 8
          hidden_dims:
          - 128
          - 64
          dropout: 0.2
          unknown_dropout: 0.1
          view_loss_weight: 0.3
          early_stopping_patience: 5
          random_state: 42
    outs:
    - path: metrics/train_metrics.json
      hash: md5
      md5: 96b629d2206d9e176f9c46b448696d15
      size: 102
    - path: models/artifacts/
      hash: md5
      md5: 9fce8da38fd8331938df06ab6fc5af25.dir
      size: 48655884
      nfiles: 1
  evaluate:
    cmd: python -m src.evaluation.evaluate
    deps:
    - path: data/processed/
      hash: md5
      md5: b858123d52e96e7b9de8a5f4599a816a.dir
      size: 34702801
      nfiles: 3
    - path: models/artifacts/
      hash: md5
      md5: 9fce8da38fd8331938df06ab6fc5af25.dir
      size: 48655884
      nfiles: 1
    - path: src/data/feature_contract.py
      hash: md5
      md5: 54b6051091fec613c39a2f33c8d51cc6
      size: 1717
    - path: src/data/labeling.py
      hash: md5
      md5: d19536208f9a7c9d0e2fce8f8ea4d031
      size: 12013
    - path: src/evaluation/evaluate.py
      hash: md5
      md5: ab203a0be4847f2a344efeb00aa71182
      size: 10921
    - path: src/evaluation/ranking.py
      hash: md5
      md5: 726b2cb2e5aee0360ff79cbaf94e9479
      size: 7700
    - path: src/evaluation/scorers.py
      hash: md5
      md5: 3ed849969d4d8eed98a90ef85f97034c
      size: 7360
    params:
      params.yaml:
        eval:
          k_values:
          - 10
          - 20
          num_candidate_negatives: 100
          max_broad_positives: 20
          seed: 42
        labeling:
          num_negatives: 8
          popularity_alpha: 0.0
          seed: 42
          view_sample_ratio: 8
    outs:
    - path: metrics/eval_metrics.json
      hash: md5
      md5: a424bdd1e67c2dae2e6684976919875c
      size: 5607
    - path: metrics/plots/
      hash: md5
      md5: faabdd5bbd07913682cb5caac9451f83.dir
      size: 8544910
      nfiles: 2
  content:
    cmd: python -m src.data.content_etl
    deps:
    - path: data/raw/item_properties_part1.csv
      hash: md5
      md5: cb43a0682a1af76f1c1b60f9163ae47b
      size: 484315749
    - path: data/raw/item_properties_part2.csv
      hash: md5
      md5: e74ec953e7b192920b195dfd82dc2a4e
      size: 408929907
    - path: src/data/content_etl.py
      hash: md5
      md5: 546f816b88109ac85290e7baade3c2cf
      size: 2712
    outs:
    - path: data/content/
      hash: md5
      md5: 4f65a4af48aeb208b03481b3c60a766b.dir
      size: 2862920
      nfiles: 1
  promote:
    cmd: python -m src.models.registry
    deps:
    - path: metrics/eval_metrics.json
      hash: md5
      md5: a424bdd1e67c2dae2e6684976919875c
      size: 5607
    - path: metrics/train_metrics.json
      hash: md5
      md5: 96b629d2206d9e176f9c46b448696d15
      size: 102
    - path: src/models/registry.py
      hash: md5
      md5: bd5cddc8aa904891cebc8d0f719af92c
      size: 1998
    - path: src/utils/mlflow_tracking.py
      hash: md5
      md5: 0d6ca4c516ec7091bb71cc71f6619cf1
      size: 3856
    params:
      params.yaml:
        mlflow:
          experiment_name: recommendation_system
          run_name: train
        registry:
          model_name: retailrocket_recommender
          metric: val_ndcg_at_20
          ascending: false
          stage: Production
    outs:
    - path: models/promoted_model.json
      hash: md5
      md5: fca99961d4b551e844b8427aa99de55d
      size: 205
