schema: '2.0'
stages:
  preprocess:
    cmd: python -m src.data.preprocess
    deps:
    - path: data/raw/events.csv
      hash: md5
      md5: fddaf7c1c6a9df23a726500a08ffdd7e
      size: 94237913
    - path: src/data/preprocess.py
      hash: md5
      md5: ca046dffc91224dc69f1c6d61174d867
      size: 1373
    - path: src/data/preprocessor.py
      hash: md5
      md5: cd53058764c5d3520826cf21adceaddc
      size: 2884
    params:
      params.yaml:
        preprocess:
          test_size: 0.2
          val_size: 0.1
          random_state: 42
    outs:
    - path: data/interim/
      hash: md5
      md5: e0f0a62609fa911a134a51163db11e0b.dir
      size: 16459625
      nfiles: 1
  feature_eng:
    cmd: python -m src.features.build_features
    deps:
    - path: data/content/
      hash: md5
      md5: 15aa055ce683faa22e86ffefbc41f188.dir
      size: 2862920
      nfiles: 1
    - path: data/interim/
      hash: md5
      md5: e0f0a62609fa911a134a51163db11e0b.dir
      size: 16459625
      nfiles: 1
    - path: src/data/feature_contract.py
      hash: md5
      md5: 54b6051091fec613c39a2f33c8d51cc6
      size: 1717
    - path: src/data/feature_engineering.py
      hash: md5
      md5: 5239f76e8cd725696a2aa7608c362c8a
      size: 5443
    - path: src/features/build_features.py
      hash: md5
      md5: 3446169280d773f0e17d639b18e7467d
      size: 4534
    params:
      params.yaml:
        feature_eng:
          random_state: 42
        preprocess:
          test_size: 0.2
          val_size: 0.1
          random_state: 42
    outs:
    - path: data/processed/
      hash: md5
      md5: b858123d52e96e7b9de8a5f4599a816a.dir
      size: 34702801
      nfiles: 3
  train:
    cmd: python -m src.training.trainer
    deps:
    - path: data/processed/
      hash: md5
      md5: b858123d52e96e7b9de8a5f4599a816a.dir
      size: 34702801
      nfiles: 3
    - path: src/data/dataset.py
      hash: md5
      md5: e2e1777c8debc11edf0489984a72d382
      size: 3228
    - path: src/data/feature_contract.py
      hash: md5
      md5: 54b6051091fec613c39a2f33c8d51cc6
      size: 1717
    - path: src/data/labeling.py
      hash: md5
      md5: d19536208f9a7c9d0e2fce8f8ea4d031
      size: 12013
    - path: src/evaluation/ranking.py
      hash: md5
      md5: 157420deff02fa38c0dc76ca95a0f659
      size: 7744
    - path: src/evaluation/scorers.py
      hash: md5
      md5: 2ad557671a1c1b71d2ebd93a438440de
      size: 7324
    - path: src/models/
      hash: md5
      md5: 27063b213bb8a41279353e104ef0b439.dir
      size: 60027
      nfiles: 12
    - path: src/training/trainer.py
      hash: md5
      md5: 067d4b92ea9d7060f6529ab000799a17
      size: 10124
    params:
      params.yaml:
        eval:
          k_values:
          - 10
          - 20
          num_candidate_negatives: 100
          max_broad_positives: 20
          seed: 42
        labeling:
          num_negatives: 8
          popularity_alpha: 0.0
          seed: 42
          view_sample_ratio: 8
        train:
          model_type: ncf
          epochs: 40
          batch_size: 1024
          learning_rate: 0.001
          weight_decay: 0.0001
          embedding_dim: 64
          cat_embedding_dim: 8
          hidden_dims:
          - 128
          - 64
          dropout: 0.2
          unknown_dropout: 0.1
          view_loss_weight: 0.3
          early_stopping_patience: 5
          random_state: 42
    outs:
    - path: metrics/train_metrics.json
      hash: md5
      md5: 5c80e9221a133f857bdf72c0279f83de
      size: 103
    - path: models/artifacts/
      hash: md5
      md5: f66ea5b3c25a5884f559aab01c6aa276.dir
      size: 48655884
      nfiles: 1
  evaluate:
    cmd: python -m src.evaluation.evaluate
    deps:
    - path: data/processed/
      hash: md5
      md5: b858123d52e96e7b9de8a5f4599a816a.dir
      size: 34702801
      nfiles: 3
    - path: models/artifacts/
      hash: md5
      md5: f66ea5b3c25a5884f559aab01c6aa276.dir
      size: 48655884
      nfiles: 1
    - path: src/data/feature_contract.py
      hash: md5
      md5: 54b6051091fec613c39a2f33c8d51cc6
      size: 1717
    - path: src/data/labeling.py
      hash: md5
      md5: d19536208f9a7c9d0e2fce8f8ea4d031
      size: 12013
    - path: src/evaluation/evaluate.py
      hash: md5
      md5: ac9451d9c7825ae8529ed7abd6b693f5
      size: 10812
    - path: src/evaluation/ranking.py
      hash: md5
      md5: 157420deff02fa38c0dc76ca95a0f659
      size: 7744
    - path: src/evaluation/scorers.py
      hash: md5
      md5: 2ad557671a1c1b71d2ebd93a438440de
      size: 7324
    params:
      params.yaml:
        eval:
          k_values:
          - 10
          - 20
          num_candidate_negatives: 100
          max_broad_positives: 20
          seed: 42
        labeling:
          num_negatives: 8
          popularity_alpha: 0.0
          seed: 42
          view_sample_ratio: 8
    outs:
    - path: metrics/eval_metrics.json
      hash: md5
      md5: 6edc882349b32b19703908e691d7e20b
      size: 5606
    - path: metrics/plots/
      hash: md5
      md5: b44511cbe0d4513804d154c8077703e5.dir
      size: 8565543
      nfiles: 2
  content:
    cmd: python -m src.data.content_etl
    deps:
    - path: data/raw/item_properties_part1.csv
      hash: md5
      md5: cb43a0682a1af76f1c1b60f9163ae47b
      size: 484315749
    - path: data/raw/item_properties_part2.csv
      hash: md5
      md5: e74ec953e7b192920b195dfd82dc2a4e
      size: 408929907
    - path: src/data/content_etl.py
      hash: md5
      md5: 546f816b88109ac85290e7baade3c2cf
      size: 2712
    outs:
    - path: data/content/
      hash: md5
      md5: 15aa055ce683faa22e86ffefbc41f188.dir
      size: 2862920
      nfiles: 1
  promote:
    cmd: python -m src.models.registry
    deps:
    - path: metrics/eval_metrics.json
      hash: md5
      md5: 6edc882349b32b19703908e691d7e20b
      size: 5606
    - path: metrics/train_metrics.json
      hash: md5
      md5: 5c80e9221a133f857bdf72c0279f83de
      size: 103
    - path: src/models/registry.py
      hash: md5
      md5: bd5cddc8aa904891cebc8d0f719af92c
      size: 1998
    - path: src/utils/mlflow_tracking.py
      hash: md5
      md5: 12906a89570e4a5f829f74d3b0599408
      size: 3851
    params:
      params.yaml:
        mlflow:
          experiment_name: recommendation_system
          run_name: ncf
        registry:
          model_name: retailrocket_recommender
          metric: val_ndcg_at_20
          ascending: false
          stage: Production
    outs:
    - path: models/promoted_model.json
      hash: md5
      md5: 649f62427d8222ef368932c6476530c9
      size: 207
